
Microsoft Visual Studio Solution File, Format Version 12.00
# Visual Studio Version 17
VisualStudioVersion = 17.3.32929.385
MinimumVisualStudioVersion = 10.0.40219.1
Project("{FAE04EC0-301F-11D3-BF4B-00C04F79EFBC}") = "Presentation", "presentation\Presentation.csproj", "{419BBAA3-0D13-4177-BF72-F296BCC45CE9}"
EndProject
Project("{FAE04EC0-301F-11D3-BF4B-00C04F79EFBC}") = "Data", "Data\Data.csproj", "{3A7AC094-D36E-4A5A-9D56-6A4EB9227D84}"
EndProject
Project("{FAE04EC0-301F-11D3-BF4B-00C04F79EFBC}") = "Application", "application\Application.csproj", "{4D8CCEB9-56C6-4A43-AA96-0AD6FEF190BC}"
EndProject
Global
	GlobalSection(SolutionConfigurationPlatforms) = preSolution
		Debug|Any CPU = Debug|Any CPU
		Release|Any CPU = Release|Any CPU
	EndGlobalSection
	GlobalSection(ProjectConfigurationPlatforms) = postSolution
		{419BBAA3-0D13-4177-BF72-F296BCC45CE9}.Debug|Any CPU.ActiveCfg = Debug|Any CPU
		{419BBAA3-0D13-4177-BF72-F296BCC45CE9}.Debug|Any CPU.Build.0 = Debug|Any CPU
		{419BBAA3-0D13-4177-BF72-F296BCC45CE9}.Release|Any CPU.ActiveCfg = Release|Any CPU
		{419BBAA3-0D13-4177-BF72-F296BCC45CE9}.Release|Any CPU.Build.0 = Release|Any CPU
		{3A7AC094-D36E-4A5A-9D56-6A4EB9227D84}.Debug|Any CPU.ActiveCfg = Debug|Any CPU
		{3A7AC094-D36E-4A5A-9D56-6A4EB9227D84}.Debug|Any CPU.Build.0 = Debug|Any CPU
		{3A7AC094-D36E-4A5A-9D56-6A4EB9227D84}.Release|Any CPU.ActiveCfg = Release|Any CPU
		{3A7AC094-D36E-4A5A-9D56-6A4EB9227D84}.Release|Any CPU.Build.0 = Release|Any CPU
		{4D8CCEB9-56C6-4A43-AA96-0AD6FEF190BC}.Debug|Any CPU.ActiveCfg = Debug|Any CPU
		{4D8CCEB9-56C6-4A43-AA96-0AD6FEF190BC}.Debug|Any CPU.Build.0 = Debug|Any CPU
		{4D8CCEB9-56C6-4A43-AA96-0AD6FEF190BC}.Release|Any CPU.ActiveCfg = Release|Any CPU
		{4D8CCEB9-56C6-4A43-AA96-0AD6FEF190BC}.Release|Any CPU.Build.0 = Release|Any CPU
	EndGlobalSection
	GlobalSection(SolutionProperties) = preSolution
		HideSolutionNode = FALSE
	EndGlobalSection
	GlobalSection(ExtensibilityGlobals) = postSolution
		SolutionGuid = {F3E2A7F2-E58F-4D64-9B61-A94964A5C069}
	EndGlobalSection
EndGlobal
